
Microsoft Visual Studio Solution File, Format Version 12.00
# Visual Studio 15
VisualStudioVersion = 15.0.28307.168
MinimumVisualStudioVersion = 10.0.40219.1
Project("{FAE04EC0-301F-11D3-BF4B-00C04F79EFBC}") = "NylasMVCApp.Web", "NylasMVCApp.Web\NylasMVCApp.Web.csproj", "{F1220C01-4570-4C88-9350-FBF00D213AAD}"
EndProject
Global
	GlobalSection(SolutionConfigurationPlatforms) = preSolution
		Debug|Any CPU = Debug|Any CPU
		Release|Any CPU = Release|Any CPU
	EndGlobalSection
	GlobalSection(ProjectConfigurationPlatforms) = postSolution
		{F1220C01-4570-4C88-9350-FBF00D213AAD}.Debug|Any CPU.ActiveCfg = Debug|Any CPU
		{F1220C01-4570-4C88-9350-FBF00D213AAD}.Debug|Any CPU.Build.0 = Debug|Any CPU
		{F1220C01-4570-4C88-9350-FBF00D213AAD}.Release|Any CPU.ActiveCfg = Release|Any CPU
		{F1220C01-4570-4C88-9350-FBF00D213AAD}.Release|Any CPU.Build.0 = Release|Any CPU
	EndGlobalSection
	GlobalSection(SolutionProperties) = preSolution
		HideSolutionNode = FALSE
	EndGlobalSection
	GlobalSection(ExtensibilityGlobals) = postSolution
		SolutionGuid = {E5162DB0-4B83-498E-88C0-6A3F35428248}
	EndGlobalSection
EndGlobal
